<?xml version="1.0" encoding="utf-8"?>
<Project ToolsVersion="4.0" xmlns="http://schemas.microsoft.com/developer/msbuild/2003">
  <ItemGroup>
    <Filter Include="Source Files">
      <UniqueIdentifier>{4FC737F1-C7A5-4376-A066-2A32D752A2FF}</UniqueIdentifier>
      <Extensions>cpp;c;cc;cxx;def;odl;idl;hpj;bat;asm;asmx</Extensions>
    </Filter>
    <Filter Include="Header Files">
      <UniqueIdentifier>{93995380-89BD-4b04-88EB-625FBE52EBFB}</UniqueIdentifier>
      <Extensions>h;hpp;hxx;hm;inl;inc;xsd</Extensions>
    </Filter>
    <Filter Include="Resource Files">
      <UniqueIdentifier>{67DA6AB6-F800-4c08-8B7A-83BB121AAD01}</UniqueIdentifier>
      <Extensions>rc;ico;cur;bmp;dlg;rc2;rct;bin;rgs;gif;jpg;jpeg;jpe;resx;tiff;tif;png;wav</Extensions>
    </Filter>
  </ItemGroup>
  <ItemGroup>
    <ClCompile Include="ibtradetool\IBTradeTool.cpp">
      <Filter>Source Files</Filter>
    </ClCompile>
    <ClCompile Include="ibtradetool\IBTradeToolDlg.cpp">
      <Filter>Source Files</Filter>
    </ClCompile>
    <ClCompile Include="ibtradetool\stdafx.cpp">
      <Filter>Source Files</Filter>
    </ClCompile>
    <ClCompile Include="shared\HScrollListBox.cpp">
      <Filter>Source Files</Filter>
    </ClCompile>
    <ClCompile Include="socketclient\src\EClientSocket.cpp">
      <Filter>Source Files</Filter>
    </ClCompile>
    <ClCompile Include="socketclient\src\EClientSocketBase.cpp">
      <Filter>Source Files</Filter>
    </ClCompile>
    <ClCompile Include="IBTradeTool\FXStatic.cpp">
      <Filter>Source Files</Filter>
    </ClCompile>
    <ClCompile Include="IBTradeTool\OrderDlg.cpp">
      <Filter>Source Files</Filter>
    </ClCompile>
    <ClCompile Include="IBTradeTool\EditEx.cpp">
      <Filter>Source Files</Filter>
    </ClCompile>
  </ItemGroup>
  <ItemGroup>
    <ClInclude Include="ibtradetool\IBTradeTool.h">
      <Filter>Header Files</Filter>
    </ClInclude>
    <ClInclude Include="ibtradetool\IBTradeToolDlg.h">
      <Filter>Header Files</Filter>
    </ClInclude>
    <ClInclude Include="ibtradetool\Resource.h">
      <Filter>Header Files</Filter>
    </ClInclude>
    <ClInclude Include="ibtradetool\stdafx.h">
      <Filter>Header Files</Filter>
    </ClInclude>
    <ClInclude Include="ibtradetool\targetver.h">
      <Filter>Header Files</Filter>
    </ClInclude>
    <ClInclude Include="shared\CommonDefs.h">
      <Filter>Header Files</Filter>
    </ClInclude>
    <ClInclude Include="shared\Contract.h">
      <Filter>Header Files</Filter>
    </ClInclude>
    <ClInclude Include="shared\EClient.h">
      <Filter>Header Files</Filter>
    </ClInclude>
    <ClInclude Include="shared\EClientSocketBase.h">
      <Filter>Header Files</Filter>
    </ClInclude>
    <ClInclude Include="shared\EClientSocketBaseImpl.h">
      <Filter>Header Files</Filter>
    </ClInclude>
    <ClInclude Include="shared\EWrapper.h">
      <Filter>Header Files</Filter>
    </ClInclude>
    <ClInclude Include="shared\Execution.h">
      <Filter>Header Files</Filter>
    </ClInclude>
    <ClInclude Include="shared\HScrollListBox.h">
      <Filter>Header Files</Filter>
    </ClInclude>
    <ClInclude Include="shared\IBString.h">
      <Filter>Header Files</Filter>
    </ClInclude>
    <ClInclude Include="shared\Order.h">
      <Filter>Header Files</Filter>
    </ClInclude>
    <ClInclude Include="shared\OrderState.h">
      <Filter>Header Files</Filter>
    </ClInclude>
    <ClInclude Include="shared\ScannerSubscription.h">
      <Filter>Header Files</Filter>
    </ClInclude>
    <ClInclude Include="shared\shared_ptr.h">
      <Filter>Header Files</Filter>
    </ClInclude>
    <ClInclude Include="shared\StdAfx.h">
      <Filter>Header Files</Filter>
    </ClInclude>
    <ClInclude Include="shared\TwsSocketClientErrors.h">
      <Filter>Header Files</Filter>
    </ClInclude>
    <ClInclude Include="socketclient\src\EClientSocket.h">
      <Filter>Header Files</Filter>
    </ClInclude>
    <ClInclude Include="IBTradeTool\FXStatic.h">
      <Filter>Header Files</Filter>
    </ClInclude>
    <ClInclude Include="IBTradeTool\OrderDlg.h">
      <Filter>Header Files</Filter>
    </ClInclude>
    <ClInclude Include="IBTradeTool\EditEx.h">
      <Filter>Header Files</Filter>
    </ClInclude>
  </ItemGroup>
  <ItemGroup>
    <ResourceCompile Include="ibtradetool\IBTradeTool.rc">
      <Filter>Resource Files</Filter>
    </ResourceCompile>
  </ItemGroup>
  <ItemGroup>
    <None Include="ibtradetool\res\IBTradeTool.rc2">
      <Filter>Resource Files</Filter>
    </None>
    <None Include="ibtradetool\res\IBTradeTool.ico">
      <Filter>Resource Files</Filter>
    </None>
  </ItemGroup>
</Project>